Microsoft Visual Studio Solution File, Format Version 12.00
# Visual Studio Version 18
VisualStudioVersion = 18.0.11201.2 d18.0
MinimumVisualStudioVersion = 10.0.40219.1
Project("{9A19103F-16F7-4668-BE54-9A1E7A4F7556}") = "Terprint.AppHost", "Terprint.AppHost\Terprint.AppHost.csproj", "{706E8B4E-FF32-448B-987D-FC65011DA0FB}"
EndProject
Project("{9A19103F-16F7-4668-BE54-9A1E7A4F7556}") = "Terprint.ServiceDefaults", "Terprint.ServiceDefaults\Terprint.ServiceDefaults.csproj", "{5FFD4821-0418-44E5-AB61-CE3922AD713A}"
EndProject
Project("{9A19103F-16F7-4668-BE54-9A1E7A4F7556}") = "Terprint.ApiService", "Terprint.ApiService\Terprint.ApiService.csproj", "{15FF10D3-25FE-4BBC-9A14-FAEECFACA965}"
EndProject
Project("{9A19103F-16F7-4668-BE54-9A1E7A4F7556}") = "Terprint.Web", "Terprint.Web\Terprint.Web.csproj", "{D4DB616D-3A91-4101-9907-E5149AE58EBF}"
EndProject
Project("{9A19103F-16F7-4668-BE54-9A1E7A4F7556}") = "Terprint.Tests", "Terprint.Tests\Terprint.Tests.csproj", "{88542AE5-A8F7-4AFA-946F-05DF886E188E}"
EndProject
Project("{888888A0-9F3D-457C-B088-3A5042F75D52}") = "Terprint.Python", "Terprint.Python\Terprint.Python.pyproj", "{D4B60256-802C-41D8-81EE-BFFCF287AF22}"
EndProject
Global
	GlobalSection(SolutionConfigurationPlatforms) = preSolution
		Debug|Any CPU = Debug|Any CPU
		Default|Any CPU = Default|Any CPU
		Release|Any CPU = Release|Any CPU
	EndGlobalSection
	GlobalSection(ProjectConfigurationPlatforms) = postSolution
		{706E8B4E-FF32-448B-987D-FC65011DA0FB}.Debug|Any CPU.ActiveCfg = Debug|Any CPU
		{706E8B4E-FF32-448B-987D-FC65011DA0FB}.Debug|Any CPU.Build.0 = Debug|Any CPU
		{706E8B4E-FF32-448B-987D-FC65011DA0FB}.Default|Any CPU.ActiveCfg = Release|Any CPU
		{706E8B4E-FF32-448B-987D-FC65011DA0FB}.Release|Any CPU.ActiveCfg = Release|Any CPU
		{706E8B4E-FF32-448B-987D-FC65011DA0FB}.Release|Any CPU.Build.0 = Release|Any CPU
		{5FFD4821-0418-44E5-AB61-CE3922AD713A}.Debug|Any CPU.ActiveCfg = Debug|Any CPU
		{5FFD4821-0418-44E5-AB61-CE3922AD713A}.Debug|Any CPU.Build.0 = Debug|Any CPU
		{5FFD4821-0418-44E5-AB61-CE3922AD713A}.Default|Any CPU.ActiveCfg = Release|Any CPU
		{5FFD4821-0418-44E5-AB61-CE3922AD713A}.Release|Any CPU.ActiveCfg = Release|Any CPU
		{5FFD4821-0418-44E5-AB61-CE3922AD713A}.Release|Any CPU.Build.0 = Release|Any CPU
		{15FF10D3-25FE-4BBC-9A14-FAEECFACA965}.Debug|Any CPU.ActiveCfg = Debug|Any CPU
		{15FF10D3-25FE-4BBC-9A14-FAEECFACA965}.Debug|Any CPU.Build.0 = Debug|Any CPU
		{15FF10D3-25FE-4BBC-9A14-FAEECFACA965}.Default|Any CPU.ActiveCfg = Release|Any CPU
		{15FF10D3-25FE-4BBC-9A14-FAEECFACA965}.Release|Any CPU.ActiveCfg = Release|Any CPU
		{15FF10D3-25FE-4BBC-9A14-FAEECFACA965}.Release|Any CPU.Build.0 = Release|Any CPU
		{D4DB616D-3A91-4101-9907-E5149AE58EBF}.Debug|Any CPU.ActiveCfg = Debug|Any CPU
		{D4DB616D-3A91-4101-9907-E5149AE58EBF}.Debug|Any CPU.Build.0 = Debug|Any CPU
		{D4DB616D-3A91-4101-9907-E5149AE58EBF}.Default|Any CPU.ActiveCfg = Release|Any CPU
		{D4DB616D-3A91-4101-9907-E5149AE58EBF}.Release|Any CPU.ActiveCfg = Release|Any CPU
		{D4DB616D-3A91-4101-9907-E5149AE58EBF}.Release|Any CPU.Build.0 = Release|Any CPU
		{88542AE5-A8F7-4AFA-946F-05DF886E188E}.Debug|Any CPU.ActiveCfg = Debug|Any CPU
		{88542AE5-A8F7-4AFA-946F-05DF886E188E}.Debug|Any CPU.Build.0 = Debug|Any CPU
		{88542AE5-A8F7-4AFA-946F-05DF886E188E}.Default|Any CPU.ActiveCfg = Release|Any CPU
		{88542AE5-A8F7-4AFA-946F-05DF886E188E}.Release|Any CPU.ActiveCfg = Release|Any CPU
		{88542AE5-A8F7-4AFA-946F-05DF886E188E}.Release|Any CPU.Build.0 = Release|Any CPU
		{D4B60256-802C-41D8-81EE-BFFCF287AF22}.Debug|Any CPU.ActiveCfg = Debug|Any CPU
		{D4B60256-802C-41D8-81EE-BFFCF287AF22}.Default|Any CPU.ActiveCfg = Release|Any CPU
		{D4B60256-802C-41D8-81EE-BFFCF287AF22}.Release|Any CPU.ActiveCfg = Release|Any CPU
	EndGlobalSection
	GlobalSection(SolutionProperties) = preSolution
		HideSolutionNode = FALSE
	EndGlobalSection
	GlobalSection(ExtensibilityGlobals) = postSolution
		SolutionGuid = {89360C89-8373-4C65-9EA1-B8EC5FCAA2E6}
	EndGlobalSection
EndGlobal
